{
  "name": "scrollama-project",
  "version": "1.0.0",
  "lockfileVersion": 1,
  "requires": true,
  "dependencies": {
    "intersection-observer": {
      "version": "0.4.3",
      "resolved": "https://registry.npmjs.org/intersection-observer/-/intersection-observer-0.4.3.tgz",
      "integrity": "sha512-sRobbVo/+DVGkbco/UkuREmXSr5ypWeQ7S7tYDhzIIP3NFtAHLkkFYdivFAIgNe4sfDYBFAjxEgUyxiEmA/dgQ=="
    },
    "scrollama": {
      "version": "0.6.1",
      "resolved": "https://registry.npmjs.org/scrollama/-/scrollama-0.6.1.tgz",
      "integrity": "sha512-xJTA4lAf1ajcqayo+9MS0q/H7DTiGNzhFKb1JGzPlit9AjpI8SpEm8aaEHOvn9ZTIww2ISdLdbU29aTD5CMhrg==",
      "requires": {
        "intersection-observer": "0.4.3"
      }
    }
  }
}
